version = 1
revision = 3
requires-python = ">=3.13"

[[package]]
name = "musicbrainzngs"
version = "0.7.1"
source = { registry = "https://pypi.org/simple" }
sdist = { url = "https://files.pythonhosted.org/packages/0a/67/3e74ae93d90ceeba72ed1a266dd3ca9abd625f315f0afd35f9b034acedd1/musicbrainzngs-0.7.1.tar.gz", hash = "sha256:ab1c0100fd0b305852e65f2ed4113c6de12e68afd55186987b8ed97e0f98e627", size = 117469, upload-time = "2020-01-11T17:38:47.581Z" }
wheels = [
    { url = "https://files.pythonhosted.org/packages/6d/fd/cef7b2580436910ccd2f8d3deec0f3c81743e15c0eb5b97dde3fbf33c0c8/musicbrainzngs-0.7.1-py2.py3-none-any.whl", hash = "sha256:e841a8f975104c0a72290b09f59326050194081a5ae62ee512f41915090e1a10", size = 25289, upload-time = "2020-01-11T17:38:45.469Z" },
]

[[package]]
name = "mutagen"
version = "1.47.0"
source = { registry = "https://pypi.org/simple" }
sdist = { url = "https://files.pythonhosted.org/packages/81/e6/64bc71b74eef4b68e61eb921dcf72dabd9e4ec4af1e11891bbd312ccbb77/mutagen-1.47.0.tar.gz", hash = "sha256:719fadef0a978c31b4cf3c956261b3c58b6948b32023078a2117b1de09f0fc99", size = 1274186, upload-time = "2023-09-03T16:33:33.411Z" }
wheels = [
    { url = "https://files.pythonhosted.org/packages/b0/7a/620f945b96be1f6ee357d211d5bf74ab1b7fe72a9f1525aafbfe3aee6875/mutagen-1.47.0-py3-none-any.whl", hash = "sha256:edd96f50c5907a9539d8e5bba7245f62c9f520aef333d13392a79a4f70aca719", size = 194391, upload-time = "2023-09-03T16:33:29.955Z" },
]

[[package]]
name = "offline-music-algorithm-and-smart-queue"
version = "0.1.0"
source = { virtual = "." }
dependencies = [
    { name = "musicbrainzngs" },
    { name = "mutagen" },
]

[package.metadata]
requires-dist = [
    { name = "musicbrainzngs", specifier = ">=0.7.1" },
    { name = "mutagen", specifier = ">=1.47.0" },
]
